
Microsoft Visual Studio Solution File, Format Version 12.00
# Visual Studio Version 17
VisualStudioVersion = 17.9.34723.18
MinimumVisualStudioVersion = 10.0.40219.1
Project("{FAE04EC0-301F-11D3-BF4B-00C04F79EFBC}") = "OGDCL", "OGDCL\OGDCL.csproj", "{C7B71565-EBFF-4522-A0A9-46806397AA87}"
EndProject
Global
	GlobalSection(SolutionConfigurationPlatforms) = preSolution
		Debug|Any CPU = Debug|Any CPU
		Release|Any CPU = Release|Any CPU
	EndGlobalSection
	GlobalSection(ProjectConfigurationPlatforms) = postSolution
		{C7B71565-EBFF-4522-A0A9-46806397AA87}.Debug|Any CPU.ActiveCfg = Debug|Any CPU
		{C7B71565-EBFF-4522-A0A9-46806397AA87}.Debug|Any CPU.Build.0 = Debug|Any CPU
		{C7B71565-EBFF-4522-A0A9-46806397AA87}.Release|Any CPU.ActiveCfg = Release|Any CPU
		{C7B71565-EBFF-4522-A0A9-46806397AA87}.Release|Any CPU.Build.0 = Release|Any CPU
	EndGlobalSection
	GlobalSection(SolutionProperties) = preSolution
		HideSolutionNode = FALSE
	EndGlobalSection
	GlobalSection(ExtensibilityGlobals) = postSolution
		SolutionGuid = {52288C07-9B9E-4730-AB9B-B752A45D7C57}
	EndGlobalSection
EndGlobal
